
Microsoft Visual Studio Solution File, Format Version 12.00
# Visual Studio 15
Project("{FAE04EC0-301F-11D3-BF4B-00C04F79EFBC}") = "ACME.Core", "src\ACME.Core\ACME.Core.csproj", "{D4E3D22D-D3A2-43BD-BEAE-D32519086E27}"
EndProject
Project("{FAE04EC0-301F-11D3-BF4B-00C04F79EFBC}") = "ACME.Client", "src\ACME.Client\ACME.Client.csproj", "{0C0D555B-065D-4A04-AFF0-D3FAD6995AF4}"
EndProject
Project("{2150E333-8FDC-42A3-9474-1A3956D46DE8}") = "Source", "Source", "{A9014FAB-40AE-4700-A7D0-4D4BF2F5B8CE}"
EndProject
Project("{FAE04EC0-301F-11D3-BF4B-00C04F79EFBC}") = "ACME.Server", "src\ACME.Server\ACME.Server.csproj", "{C9222FE0-B163-4D67-9E53-019FA859A9D7}"
EndProject
Project("{FAE04EC0-301F-11D3-BF4B-00C04F79EFBC}") = "ACME.Server.AspNetCore", "src\ACME.Server.AspNetCore\ACME.Server.AspNetCore.csproj", "{338A4934-04C0-44B1-945A-5B8E17694FBD}"
EndProject
Project("{2150E333-8FDC-42A3-9474-1A3956D46DE8}") = "Tests", "Tests", "{227BA3F6-3A13-4FBF-91FB-BFB490990737}"
EndProject
Project("{FAE04EC0-301F-11D3-BF4B-00C04F79EFBC}") = "ACME.Core.Tests", "tests\ACME.Core.Tests\ACME.Core.Tests.csproj", "{A9CF825D-C697-4D06-9812-9912D320A130}"
EndProject
Project("{2150E333-8FDC-42A3-9474-1A3956D46DE8}") = "Server", "Server", "{5555E1D2-D932-4058-B03F-1543A409416F}"
EndProject
Project("{2150E333-8FDC-42A3-9474-1A3956D46DE8}") = "Data", "Data", "{7CBA008D-5EE2-4C10-9CF9-35F637776F18}"
EndProject
Project("{2150E333-8FDC-42A3-9474-1A3956D46DE8}") = "Examples", "Examples", "{1C4AE270-EBB6-44BD-AE9B-B76CB688E688}"
EndProject
Project("{FAE04EC0-301F-11D3-BF4B-00C04F79EFBC}") = "ACME.Server.Data.Abstractions", "src\ACME.Server.Data.Abstractions\ACME.Server.Data.Abstractions.csproj", "{971BA84D-4344-48AE-9F52-940976C25967}"
EndProject
Project("{FAE04EC0-301F-11D3-BF4B-00C04F79EFBC}") = "ACME.Server.Data.Memory", "src\ACME.Server.Data.Memory\ACME.Server.Data.Memory.csproj", "{0D73A9BB-EB8F-4B53-AD84-052AD565B4C4}"
EndProject
Project("{FAE04EC0-301F-11D3-BF4B-00C04F79EFBC}") = "ACME.Client.Tests", "tests\ACME.Client.Tests\ACME.Client.Tests.csproj", "{452610AE-95B6-497C-9B5A-533028DDE37D}"
EndProject
Project("{FAE04EC0-301F-11D3-BF4B-00C04F79EFBC}") = "AspNetCore.Server", "examples\AspNetCore.Server\AspNetCore.Server.csproj", "{0191CCD4-CDA0-4988-95FD-59E43EB3E917}"
EndProject
Global
	GlobalSection(SolutionConfigurationPlatforms) = preSolution
		Debug|Any CPU = Debug|Any CPU
		Release|Any CPU = Release|Any CPU
	EndGlobalSection
	GlobalSection(ProjectConfigurationPlatforms) = postSolution
		{D4E3D22D-D3A2-43BD-BEAE-D32519086E27}.Debug|Any CPU.ActiveCfg = Debug|Any CPU
		{D4E3D22D-D3A2-43BD-BEAE-D32519086E27}.Debug|Any CPU.Build.0 = Debug|Any CPU
		{D4E3D22D-D3A2-43BD-BEAE-D32519086E27}.Release|Any CPU.ActiveCfg = Release|Any CPU
		{D4E3D22D-D3A2-43BD-BEAE-D32519086E27}.Release|Any CPU.Build.0 = Release|Any CPU
		{0C0D555B-065D-4A04-AFF0-D3FAD6995AF4}.Debug|Any CPU.ActiveCfg = Debug|Any CPU
		{0C0D555B-065D-4A04-AFF0-D3FAD6995AF4}.Debug|Any CPU.Build.0 = Debug|Any CPU
		{0C0D555B-065D-4A04-AFF0-D3FAD6995AF4}.Release|Any CPU.ActiveCfg = Release|Any CPU
		{0C0D555B-065D-4A04-AFF0-D3FAD6995AF4}.Release|Any CPU.Build.0 = Release|Any CPU
		{C9222FE0-B163-4D67-9E53-019FA859A9D7}.Debug|Any CPU.ActiveCfg = Debug|Any CPU
		{C9222FE0-B163-4D67-9E53-019FA859A9D7}.Debug|Any CPU.Build.0 = Debug|Any CPU
		{C9222FE0-B163-4D67-9E53-019FA859A9D7}.Release|Any CPU.ActiveCfg = Release|Any CPU
		{C9222FE0-B163-4D67-9E53-019FA859A9D7}.Release|Any CPU.Build.0 = Release|Any CPU
		{338A4934-04C0-44B1-945A-5B8E17694FBD}.Debug|Any CPU.ActiveCfg = Debug|Any CPU
		{338A4934-04C0-44B1-945A-5B8E17694FBD}.Debug|Any CPU.Build.0 = Debug|Any CPU
		{338A4934-04C0-44B1-945A-5B8E17694FBD}.Release|Any CPU.ActiveCfg = Release|Any CPU
		{338A4934-04C0-44B1-945A-5B8E17694FBD}.Release|Any CPU.Build.0 = Release|Any CPU
		{A9CF825D-C697-4D06-9812-9912D320A130}.Debug|Any CPU.ActiveCfg = Debug|Any CPU
		{A9CF825D-C697-4D06-9812-9912D320A130}.Debug|Any CPU.Build.0 = Debug|Any CPU
		{A9CF825D-C697-4D06-9812-9912D320A130}.Release|Any CPU.ActiveCfg = Release|Any CPU
		{A9CF825D-C697-4D06-9812-9912D320A130}.Release|Any CPU.Build.0 = Release|Any CPU
		{971BA84D-4344-48AE-9F52-940976C25967}.Debug|Any CPU.ActiveCfg = Debug|Any CPU
		{971BA84D-4344-48AE-9F52-940976C25967}.Debug|Any CPU.Build.0 = Debug|Any CPU
		{971BA84D-4344-48AE-9F52-940976C25967}.Release|Any CPU.ActiveCfg = Release|Any CPU
		{971BA84D-4344-48AE-9F52-940976C25967}.Release|Any CPU.Build.0 = Release|Any CPU
		{0D73A9BB-EB8F-4B53-AD84-052AD565B4C4}.Debug|Any CPU.ActiveCfg = Debug|Any CPU
		{0D73A9BB-EB8F-4B53-AD84-052AD565B4C4}.Debug|Any CPU.Build.0 = Debug|Any CPU
		{0D73A9BB-EB8F-4B53-AD84-052AD565B4C4}.Release|Any CPU.ActiveCfg = Release|Any CPU
		{0D73A9BB-EB8F-4B53-AD84-052AD565B4C4}.Release|Any CPU.Build.0 = Release|Any CPU
		{452610AE-95B6-497C-9B5A-533028DDE37D}.Debug|Any CPU.ActiveCfg = Debug|Any CPU
		{452610AE-95B6-497C-9B5A-533028DDE37D}.Debug|Any CPU.Build.0 = Debug|Any CPU
		{452610AE-95B6-497C-9B5A-533028DDE37D}.Release|Any CPU.ActiveCfg = Release|Any CPU
		{452610AE-95B6-497C-9B5A-533028DDE37D}.Release|Any CPU.Build.0 = Release|Any CPU
		{0191CCD4-CDA0-4988-95FD-59E43EB3E917}.Debug|Any CPU.ActiveCfg = Debug|Any CPU
		{0191CCD4-CDA0-4988-95FD-59E43EB3E917}.Debug|Any CPU.Build.0 = Debug|Any CPU
		{0191CCD4-CDA0-4988-95FD-59E43EB3E917}.Release|Any CPU.ActiveCfg = Release|Any CPU
		{0191CCD4-CDA0-4988-95FD-59E43EB3E917}.Release|Any CPU.Build.0 = Release|Any CPU
	EndGlobalSection
	GlobalSection(NestedProjects) = preSolution
		{0C0D555B-065D-4A04-AFF0-D3FAD6995AF4} = {A9014FAB-40AE-4700-A7D0-4D4BF2F5B8CE}
		{D4E3D22D-D3A2-43BD-BEAE-D32519086E27} = {A9014FAB-40AE-4700-A7D0-4D4BF2F5B8CE}
		{C9222FE0-B163-4D67-9E53-019FA859A9D7} = {5555E1D2-D932-4058-B03F-1543A409416F}
		{338A4934-04C0-44B1-945A-5B8E17694FBD} = {5555E1D2-D932-4058-B03F-1543A409416F}
		{A9CF825D-C697-4D06-9812-9912D320A130} = {227BA3F6-3A13-4FBF-91FB-BFB490990737}
		{5555E1D2-D932-4058-B03F-1543A409416F} = {A9014FAB-40AE-4700-A7D0-4D4BF2F5B8CE}
		{7CBA008D-5EE2-4C10-9CF9-35F637776F18} = {5555E1D2-D932-4058-B03F-1543A409416F}
		{971BA84D-4344-48AE-9F52-940976C25967} = {7CBA008D-5EE2-4C10-9CF9-35F637776F18}
		{0D73A9BB-EB8F-4B53-AD84-052AD565B4C4} = {7CBA008D-5EE2-4C10-9CF9-35F637776F18}
		{452610AE-95B6-497C-9B5A-533028DDE37D} = {227BA3F6-3A13-4FBF-91FB-BFB490990737}
		{0191CCD4-CDA0-4988-95FD-59E43EB3E917} = {1C4AE270-EBB6-44BD-AE9B-B76CB688E688}
	EndGlobalSection
EndGlobal
