Microsoft Visual Studio Solution File, Format Version 12.00
# Visual Studio Version 16
VisualStudioVersion = 16.0.29728.190
MinimumVisualStudioVersion = 10.0.40219.1
Project("{FAE04EC0-301F-11D3-BF4B-00C04F79EFBC}") = "ACME.Core", "src\ACME.Core\ACME.Core.csproj", "{D4E3D22D-D3A2-43BD-BEAE-D32519086E27}"
EndProject
Project("{FAE04EC0-301F-11D3-BF4B-00C04F79EFBC}") = "ACME.Client", "src\ACME.Client\ACME.Client.csproj", "{0C0D555B-065D-4A04-AFF0-D3FAD6995AF4}"
EndProject
Project("{2150E333-8FDC-42A3-9474-1A3956D46DE8}") = "Source", "Source", "{A9014FAB-40AE-4700-A7D0-4D4BF2F5B8CE}"
EndProject
Project("{9A19103F-16F7-4668-BE54-9A1E7A4F7556}") = "ACME.Server", "src\ACME.Server\ACME.Server.csproj", "{C9222FE0-B163-4D67-9E53-019FA859A9D7}"
EndProject
Project("{9A19103F-16F7-4668-BE54-9A1E7A4F7556}") = "ACME.Server.AspNetCore", "src\ACME.Server.AspNetCore\ACME.Server.AspNetCore.csproj", "{338A4934-04C0-44B1-945A-5B8E17694FBD}"
EndProject
Project("{2150E333-8FDC-42A3-9474-1A3956D46DE8}") = "Tests", "Tests", "{227BA3F6-3A13-4FBF-91FB-BFB490990737}"
EndProject
Project("{FAE04EC0-301F-11D3-BF4B-00C04F79EFBC}") = "ACME.Core.Tests", "tests\ACME.Core.Tests\ACME.Core.Tests.csproj", "{A9CF825D-C697-4D06-9812-9912D320A130}"
EndProject
Project("{2150E333-8FDC-42A3-9474-1A3956D46DE8}") = "Server", "Server", "{5555E1D2-D932-4058-B03F-1543A409416F}"
EndProject
Project("{2150E333-8FDC-42A3-9474-1A3956D46DE8}") = "Data", "Data", "{7CBA008D-5EE2-4C10-9CF9-35F637776F18}"
EndProject
Project("{2150E333-8FDC-42A3-9474-1A3956D46DE8}") = "Examples", "Examples", "{1C4AE270-EBB6-44BD-AE9B-B76CB688E688}"
EndProject
Project("{FAE04EC0-301F-11D3-BF4B-00C04F79EFBC}") = "ACME.Server.Data.Abstractions", "src\ACME.Server.Data.Abstractions\ACME.Server.Data.Abstractions.csproj", "{971BA84D-4344-48AE-9F52-940976C25967}"
EndProject
Project("{FAE04EC0-301F-11D3-BF4B-00C04F79EFBC}") = "ACME.Server.Data.Memory", "src\ACME.Server.Data.Memory\ACME.Server.Data.Memory.csproj", "{0D73A9BB-EB8F-4B53-AD84-052AD565B4C4}"
EndProject
Project("{9A19103F-16F7-4668-BE54-9A1E7A4F7556}") = "AspNetCore.Server", "examples\AspNetCore.Server\AspNetCore.Server.csproj", "{0191CCD4-CDA0-4988-95FD-59E43EB3E917}"
EndProject
Project("{2150E333-8FDC-42A3-9474-1A3956D46DE8}") = "GlobalSign", "GlobalSign", "{C3976B33-E6A4-4C0D-8690-9FFFC14037B6}"
EndProject
Project("{FAE04EC0-301F-11D3-BF4B-00C04F79EFBC}") = "ACME.Server.Data.EF.Core", "src\ACME.Server.Data.EF.Core\ACME.Server.Data.EF.Core.csproj", "{0BEA1EBC-3973-4141-8C9E-B7141B030BD6}"
EndProject
Project("{FAE04EC0-301F-11D3-BF4B-00C04F79EFBC}") = "ACME.Client.Tests", "tests\ACME.Client.Tests\ACME.Client.Tests.csproj", "{1434490E-2601-4148-95A2-2C498AEAA123}"
EndProject
Project("{9344BDBB-3E7F-41FC-A0DD-8665D75EE146}") = "ACME.Server.Data.Memory.Tests", "tests\ACME.Server.Data.Memory.Tests\ACME.Server.Data.Memory.Tests.csproj", "{6E58A5C0-50E2-4724-B985-EFDC9B4D4FD5}"
EndProject
Project("{FAE04EC0-301F-11D3-BF4B-00C04F79EFBC}") = "GlobalSign.ACME.Server.Data.EF.Core", "GlobalSign\GlobalSign.ACME.Server.Data.EF.Core\GlobalSign.ACME.Server.Data.EF.Core.csproj", "{CE4B6955-1932-43B9-A1FF-F8916154C25E}"
EndProject
Project("{FAE04EC0-301F-11D3-BF4B-00C04F79EFBC}") = "ACME.Server.Data.EF.Core", "src\ACME.Server.Data.EF.Core\ACME.Server.Data.EF.Core.csproj", "{15065900-A709-4B30-8BDC-A277E68A23B5}"
EndProject
Project("{FAE04EC0-301F-11D3-BF4B-00C04F79EFBC}") = "GlobalSign.ACME.Core", "GlobalSign\GlobalSign.ACME.Core\GlobalSign.ACME.Core.csproj", "{BA0274C5-EB3D-4E1E-AC71-2E0163CB4C2B}"
EndProject
Project("{FAE04EC0-301F-11D3-BF4B-00C04F79EFBC}") = "GlobalSign.ACME.Server", "GlobalSign\GlobalSign.ACME.Server\GlobalSign.ACME.Server.csproj", "{2F5AC7E5-7B31-415C-85B3-8352E18A40AA}"
EndProject
Project("{FAE04EC0-301F-11D3-BF4B-00C04F79EFBC}") = "GlobalSign.ACME.Server.AspNet", "GlobalSign\GlobalSign.ACME.Server.AspNet\GlobalSign.ACME.Server.AspNet.csproj", "{33368F2C-4A2C-4283-AFDE-83711C30D427}"
EndProject
Global
	GlobalSection(SolutionConfigurationPlatforms) = preSolution
		Debug|Any CPU = Debug|Any CPU
		Release|Any CPU = Release|Any CPU
	EndGlobalSection
	GlobalSection(ProjectConfigurationPlatforms) = postSolution
		{D4E3D22D-D3A2-43BD-BEAE-D32519086E27}.Debug|Any CPU.ActiveCfg = Debug|Any CPU
		{D4E3D22D-D3A2-43BD-BEAE-D32519086E27}.Debug|Any CPU.Build.0 = Debug|Any CPU
		{D4E3D22D-D3A2-43BD-BEAE-D32519086E27}.Release|Any CPU.ActiveCfg = Release|Any CPU
		{D4E3D22D-D3A2-43BD-BEAE-D32519086E27}.Release|Any CPU.Build.0 = Release|Any CPU
		{0C0D555B-065D-4A04-AFF0-D3FAD6995AF4}.Debug|Any CPU.ActiveCfg = Debug|Any CPU
		{0C0D555B-065D-4A04-AFF0-D3FAD6995AF4}.Debug|Any CPU.Build.0 = Debug|Any CPU
		{0C0D555B-065D-4A04-AFF0-D3FAD6995AF4}.Release|Any CPU.ActiveCfg = Release|Any CPU
		{0C0D555B-065D-4A04-AFF0-D3FAD6995AF4}.Release|Any CPU.Build.0 = Release|Any CPU
		{C9222FE0-B163-4D67-9E53-019FA859A9D7}.Debug|Any CPU.ActiveCfg = Debug|Any CPU
		{C9222FE0-B163-4D67-9E53-019FA859A9D7}.Debug|Any CPU.Build.0 = Debug|Any CPU
		{C9222FE0-B163-4D67-9E53-019FA859A9D7}.Release|Any CPU.ActiveCfg = Release|Any CPU
		{C9222FE0-B163-4D67-9E53-019FA859A9D7}.Release|Any CPU.Build.0 = Release|Any CPU
		{338A4934-04C0-44B1-945A-5B8E17694FBD}.Debug|Any CPU.ActiveCfg = Debug|Any CPU
		{338A4934-04C0-44B1-945A-5B8E17694FBD}.Debug|Any CPU.Build.0 = Debug|Any CPU
		{338A4934-04C0-44B1-945A-5B8E17694FBD}.Release|Any CPU.ActiveCfg = Release|Any CPU
		{338A4934-04C0-44B1-945A-5B8E17694FBD}.Release|Any CPU.Build.0 = Release|Any CPU
		{A9CF825D-C697-4D06-9812-9912D320A130}.Debug|Any CPU.ActiveCfg = Debug|Any CPU
		{A9CF825D-C697-4D06-9812-9912D320A130}.Debug|Any CPU.Build.0 = Debug|Any CPU
		{A9CF825D-C697-4D06-9812-9912D320A130}.Release|Any CPU.ActiveCfg = Release|Any CPU
		{A9CF825D-C697-4D06-9812-9912D320A130}.Release|Any CPU.Build.0 = Release|Any CPU
		{971BA84D-4344-48AE-9F52-940976C25967}.Debug|Any CPU.ActiveCfg = Debug|Any CPU
		{971BA84D-4344-48AE-9F52-940976C25967}.Debug|Any CPU.Build.0 = Debug|Any CPU
		{971BA84D-4344-48AE-9F52-940976C25967}.Release|Any CPU.ActiveCfg = Release|Any CPU
		{971BA84D-4344-48AE-9F52-940976C25967}.Release|Any CPU.Build.0 = Release|Any CPU
		{0D73A9BB-EB8F-4B53-AD84-052AD565B4C4}.Debug|Any CPU.ActiveCfg = Debug|Any CPU
		{0D73A9BB-EB8F-4B53-AD84-052AD565B4C4}.Debug|Any CPU.Build.0 = Debug|Any CPU
		{0D73A9BB-EB8F-4B53-AD84-052AD565B4C4}.Release|Any CPU.ActiveCfg = Release|Any CPU
		{0D73A9BB-EB8F-4B53-AD84-052AD565B4C4}.Release|Any CPU.Build.0 = Release|Any CPU
		{0191CCD4-CDA0-4988-95FD-59E43EB3E917}.Debug|Any CPU.ActiveCfg = Debug|Any CPU
		{0191CCD4-CDA0-4988-95FD-59E43EB3E917}.Debug|Any CPU.Build.0 = Debug|Any CPU
		{0191CCD4-CDA0-4988-95FD-59E43EB3E917}.Release|Any CPU.ActiveCfg = Release|Any CPU
		{0191CCD4-CDA0-4988-95FD-59E43EB3E917}.Release|Any CPU.Build.0 = Release|Any CPU
		{0BEA1EBC-3973-4141-8C9E-B7141B030BD6}.Debug|Any CPU.ActiveCfg = Debug|Any CPU
		{0BEA1EBC-3973-4141-8C9E-B7141B030BD6}.Debug|Any CPU.Build.0 = Debug|Any CPU
		{0BEA1EBC-3973-4141-8C9E-B7141B030BD6}.Release|Any CPU.ActiveCfg = Release|Any CPU
		{0BEA1EBC-3973-4141-8C9E-B7141B030BD6}.Release|Any CPU.Build.0 = Release|Any CPU
		{1434490E-2601-4148-95A2-2C498AEAA123}.Debug|Any CPU.ActiveCfg = Debug|Any CPU
		{1434490E-2601-4148-95A2-2C498AEAA123}.Debug|Any CPU.Build.0 = Debug|Any CPU
		{1434490E-2601-4148-95A2-2C498AEAA123}.Release|Any CPU.ActiveCfg = Release|Any CPU
		{1434490E-2601-4148-95A2-2C498AEAA123}.Release|Any CPU.Build.0 = Release|Any CPU
		{6E58A5C0-50E2-4724-B985-EFDC9B4D4FD5}.Debug|Any CPU.ActiveCfg = Debug|Any CPU
		{6E58A5C0-50E2-4724-B985-EFDC9B4D4FD5}.Debug|Any CPU.Build.0 = Debug|Any CPU
		{6E58A5C0-50E2-4724-B985-EFDC9B4D4FD5}.Release|Any CPU.ActiveCfg = Release|Any CPU
		{6E58A5C0-50E2-4724-B985-EFDC9B4D4FD5}.Release|Any CPU.Build.0 = Release|Any CPU
		{CE4B6955-1932-43B9-A1FF-F8916154C25E}.Debug|Any CPU.ActiveCfg = Debug|Any CPU
		{CE4B6955-1932-43B9-A1FF-F8916154C25E}.Debug|Any CPU.Build.0 = Debug|Any CPU
		{CE4B6955-1932-43B9-A1FF-F8916154C25E}.Release|Any CPU.ActiveCfg = Release|Any CPU
		{CE4B6955-1932-43B9-A1FF-F8916154C25E}.Release|Any CPU.Build.0 = Release|Any CPU
		{15065900-A709-4B30-8BDC-A277E68A23B5}.Debug|Any CPU.ActiveCfg = Debug|Any CPU
		{15065900-A709-4B30-8BDC-A277E68A23B5}.Debug|Any CPU.Build.0 = Debug|Any CPU
		{15065900-A709-4B30-8BDC-A277E68A23B5}.Release|Any CPU.ActiveCfg = Release|Any CPU
		{15065900-A709-4B30-8BDC-A277E68A23B5}.Release|Any CPU.Build.0 = Release|Any CPU
		{BA0274C5-EB3D-4E1E-AC71-2E0163CB4C2B}.Debug|Any CPU.ActiveCfg = Debug|Any CPU
		{BA0274C5-EB3D-4E1E-AC71-2E0163CB4C2B}.Debug|Any CPU.Build.0 = Debug|Any CPU
		{BA0274C5-EB3D-4E1E-AC71-2E0163CB4C2B}.Release|Any CPU.ActiveCfg = Release|Any CPU
		{BA0274C5-EB3D-4E1E-AC71-2E0163CB4C2B}.Release|Any CPU.Build.0 = Release|Any CPU
		{2F5AC7E5-7B31-415C-85B3-8352E18A40AA}.Debug|Any CPU.ActiveCfg = Debug|Any CPU
		{2F5AC7E5-7B31-415C-85B3-8352E18A40AA}.Debug|Any CPU.Build.0 = Debug|Any CPU
		{2F5AC7E5-7B31-415C-85B3-8352E18A40AA}.Release|Any CPU.ActiveCfg = Release|Any CPU
		{2F5AC7E5-7B31-415C-85B3-8352E18A40AA}.Release|Any CPU.Build.0 = Release|Any CPU
		{33368F2C-4A2C-4283-AFDE-83711C30D427}.Debug|Any CPU.ActiveCfg = Debug|Any CPU
		{33368F2C-4A2C-4283-AFDE-83711C30D427}.Debug|Any CPU.Build.0 = Debug|Any CPU
		{33368F2C-4A2C-4283-AFDE-83711C30D427}.Release|Any CPU.ActiveCfg = Release|Any CPU
		{33368F2C-4A2C-4283-AFDE-83711C30D427}.Release|Any CPU.Build.0 = Release|Any CPU
	EndGlobalSection
	GlobalSection(SolutionProperties) = preSolution
		HideSolutionNode = FALSE
	EndGlobalSection
	GlobalSection(NestedProjects) = preSolution
		{D4E3D22D-D3A2-43BD-BEAE-D32519086E27} = {A9014FAB-40AE-4700-A7D0-4D4BF2F5B8CE}
		{0C0D555B-065D-4A04-AFF0-D3FAD6995AF4} = {A9014FAB-40AE-4700-A7D0-4D4BF2F5B8CE}
		{C9222FE0-B163-4D67-9E53-019FA859A9D7} = {5555E1D2-D932-4058-B03F-1543A409416F}
		{338A4934-04C0-44B1-945A-5B8E17694FBD} = {5555E1D2-D932-4058-B03F-1543A409416F}
		{A9CF825D-C697-4D06-9812-9912D320A130} = {227BA3F6-3A13-4FBF-91FB-BFB490990737}
		{5555E1D2-D932-4058-B03F-1543A409416F} = {A9014FAB-40AE-4700-A7D0-4D4BF2F5B8CE}
		{7CBA008D-5EE2-4C10-9CF9-35F637776F18} = {5555E1D2-D932-4058-B03F-1543A409416F}
		{971BA84D-4344-48AE-9F52-940976C25967} = {7CBA008D-5EE2-4C10-9CF9-35F637776F18}
		{0D73A9BB-EB8F-4B53-AD84-052AD565B4C4} = {7CBA008D-5EE2-4C10-9CF9-35F637776F18}
		{0191CCD4-CDA0-4988-95FD-59E43EB3E917} = {1C4AE270-EBB6-44BD-AE9B-B76CB688E688}
		{0BEA1EBC-3973-4141-8C9E-B7141B030BD6} = {7CBA008D-5EE2-4C10-9CF9-35F637776F18}
		{1434490E-2601-4148-95A2-2C498AEAA123} = {227BA3F6-3A13-4FBF-91FB-BFB490990737}
		{6E58A5C0-50E2-4724-B985-EFDC9B4D4FD5} = {227BA3F6-3A13-4FBF-91FB-BFB490990737}
		{33368F2C-4A2C-4283-AFDE-83711C30D427} = {C3976B33-E6A4-4C0D-8690-9FFFC14037B6}
		{CE4B6955-1932-43B9-A1FF-F8916154C25E} = {C3976B33-E6A4-4C0D-8690-9FFFC14037B6}
		{15065900-A709-4B30-8BDC-A277E68A23B5} = {7CBA008D-5EE2-4C10-9CF9-35F637776F18}
		{BA0274C5-EB3D-4E1E-AC71-2E0163CB4C2B} = {C3976B33-E6A4-4C0D-8690-9FFFC14037B6}
		{2F5AC7E5-7B31-415C-85B3-8352E18A40AA} = {C3976B33-E6A4-4C0D-8690-9FFFC14037B6}
	EndGlobalSection
	GlobalSection(ExtensibilityGlobals) = postSolution
		SolutionGuid = {4C13AAC2-AAD6-47DB-AB74-7CED36055CCA}
	EndGlobalSection
EndGlobal
